
Microsoft Visual Studio Solution File, Format Version 12.00
# Visual Studio Version 16
VisualStudioVersion = 16.0.35130.168
MinimumVisualStudioVersion = 10.0.40219.1
Project("{FAE04EC0-301F-11D3-BF4B-00C04F79EFBC}") = "RouteMapKompas", "RouteMapKompas.csproj", "{42D53728-7D62-4BF3-B209-E8D4229FE1FD}"
EndProject
Global
	GlobalSection(SolutionConfigurationPlatforms) = preSolution
		Debug|Any CPU = Debug|Any CPU
		Release|Any CPU = Release|Any CPU
	EndGlobalSection
	GlobalSection(ProjectConfigurationPlatforms) = postSolution
		{42D53728-7D62-4BF3-B209-E8D4229FE1FD}.Debug|Any CPU.ActiveCfg = Debug|Any CPU
		{42D53728-7D62-4BF3-B209-E8D4229FE1FD}.Debug|Any CPU.Build.0 = Debug|Any CPU
		{42D53728-7D62-4BF3-B209-E8D4229FE1FD}.Release|Any CPU.ActiveCfg = Release|Any CPU
		{42D53728-7D62-4BF3-B209-E8D4229FE1FD}.Release|Any CPU.Build.0 = Release|Any CPU
	EndGlobalSection
	GlobalSection(SolutionProperties) = preSolution
		HideSolutionNode = FALSE
	EndGlobalSection
	GlobalSection(ExtensibilityGlobals) = postSolution
		SolutionGuid = {32F96F15-77AA-4B3B-8ED6-38B240149819}
	EndGlobalSection
EndGlobal
